
Microsoft Visual Studio Solution File, Format Version 12.00
# Visual Studio Version 17
VisualStudioVersion = 17.10.35013.160
MinimumVisualStudioVersion = 10.0.40219.1
Project("{FAE04EC0-301F-11D3-BF4B-00C04F79EFBC}") = "Hello_World_UI", "Hello_World_UI\Hello_World_UI.csproj", "{9DB90921-A1B2-4E30-B74B-5B6BDD4E6595}"
EndProject
Project("{FAE04EC0-301F-11D3-BF4B-00C04F79EFBC}") = "Introductıon_ASP.NET", "Introductıon_ASP.NET\Introductıon_ASP.NET.csproj", "{5DDB81A8-5F49-4E50-9A4E-D734DD38F581}"
EndProject
Global
	GlobalSection(SolutionConfigurationPlatforms) = preSolution
		Debug|Any CPU = Debug|Any CPU
		Release|Any CPU = Release|Any CPU
	EndGlobalSection
	GlobalSection(ProjectConfigurationPlatforms) = postSolution
		{9DB90921-A1B2-4E30-B74B-5B6BDD4E6595}.Debug|Any CPU.ActiveCfg = Debug|Any CPU
		{9DB90921-A1B2-4E30-B74B-5B6BDD4E6595}.Debug|Any CPU.Build.0 = Debug|Any CPU
		{9DB90921-A1B2-4E30-B74B-5B6BDD4E6595}.Release|Any CPU.ActiveCfg = Release|Any CPU
		{9DB90921-A1B2-4E30-B74B-5B6BDD4E6595}.Release|Any CPU.Build.0 = Release|Any CPU
		{5DDB81A8-5F49-4E50-9A4E-D734DD38F581}.Debug|Any CPU.ActiveCfg = Debug|Any CPU
		{5DDB81A8-5F49-4E50-9A4E-D734DD38F581}.Debug|Any CPU.Build.0 = Debug|Any CPU
		{5DDB81A8-5F49-4E50-9A4E-D734DD38F581}.Release|Any CPU.ActiveCfg = Release|Any CPU
		{5DDB81A8-5F49-4E50-9A4E-D734DD38F581}.Release|Any CPU.Build.0 = Release|Any CPU
	EndGlobalSection
	GlobalSection(SolutionProperties) = preSolution
		HideSolutionNode = FALSE
	EndGlobalSection
	GlobalSection(ExtensibilityGlobals) = postSolution
		SolutionGuid = {5F860683-3592-4040-AAF8-050D9273E8F1}
	EndGlobalSection
EndGlobal
